
Microsoft Visual Studio Solution File, Format Version 12.00
# Visual Studio 15
VisualStudioVersion = 15.0.28010.2016
MinimumVisualStudioVersion = 10.0.40219.1
Project("{FAE04EC0-301F-11D3-BF4B-00C04F79EFBC}") = "Wrapsql", "Wrapsql\Wrapsql.csproj", "{2EA09619-9FB3-4436-8B6A-C1FF7D911253}"
EndProject
Global
	GlobalSection(SolutionConfigurationPlatforms) = preSolution
		Debug|Any CPU = Debug|Any CPU
		Release|Any CPU = Release|Any CPU
	EndGlobalSection
	GlobalSection(ProjectConfigurationPlatforms) = postSolution
		{2EA09619-9FB3-4436-8B6A-C1FF7D911253}.Debug|Any CPU.ActiveCfg = Debug|Any CPU
		{2EA09619-9FB3-4436-8B6A-C1FF7D911253}.Debug|Any CPU.Build.0 = Debug|Any CPU
		{2EA09619-9FB3-4436-8B6A-C1FF7D911253}.Release|Any CPU.ActiveCfg = Release|Any CPU
		{2EA09619-9FB3-4436-8B6A-C1FF7D911253}.Release|Any CPU.Build.0 = Release|Any CPU
	EndGlobalSection
	GlobalSection(SolutionProperties) = preSolution
		HideSolutionNode = FALSE
	EndGlobalSection
	GlobalSection(ExtensibilityGlobals) = postSolution
		SolutionGuid = {549A303C-6FBC-4B6B-ADC5-E73BB6F7A77B}
	EndGlobalSection
EndGlobal
